{
    "name": "container-js",
    "lockfileVersion": 3,
    "requires": true,
    "packages": {
        "": {
            "workspaces": [
                "packages/list",
                "packages/queue",
                "packages/stack",
                "packages/deque",
                "packages/heap",
                "packages/priority-queue",
                "packages/core"
            ],
            "devDependencies": {
                "typescript": "^5.5.4"
            }
        },
        "node_modules/@container-js/core": {
            "resolved": "packages/core",
            "link": true
        },
        "node_modules/@container-js/deque": {
            "resolved": "packages/deque",
            "link": true
        },
        "node_modules/@container-js/heap": {
            "resolved": "packages/heap",
            "link": true
        },
        "node_modules/@container-js/list": {
            "resolved": "packages/list",
            "link": true
        },
        "node_modules/@container-js/priority-queue": {
            "resolved": "packages/priority-queue",
            "link": true
        },
        "node_modules/@container-js/queue": {
            "resolved": "packages/queue",
            "link": true
        },
        "node_modules/@container-js/stack": {
            "resolved": "packages/stack",
            "link": true
        },
        "node_modules/typescript": {
            "version": "5.5.4",
            "resolved": "https://registry.npmjs.org/typescript/-/typescript-5.5.4.tgz",
            "integrity": "sha512-Mtq29sKDAEYP7aljRgtPOpTvOfbwRWlS6dPRzwjdE+C0R4brX/GUyhHSecbHMFLNBLcJIPt9nl9yG5TZ1weH+Q==",
            "dev": true,
            "license": "Apache-2.0",
            "bin": {
                "tsc": "bin/tsc",
                "tsserver": "bin/tsserver"
            },
            "engines": {
                "node": ">=14.17"
            }
        },
        "packages/core": {
            "name": "@container-js/core",
            "version": "1.0.3",
            "license": "MIT",
            "dependencies": {
                "@container-js/deque": "^1.0.6",
                "@container-js/heap": "^1.0.4",
                "@container-js/list": "^1.0.9",
                "@container-js/priority-queue": "^1.0.4",
                "@container-js/queue": "^1.0.7",
                "@container-js/stack": "^1.0.7"
            },
            "devDependencies": {
                "typescript": "^5.5.4"
            }
        },
        "packages/deque": {
            "name": "@container-js/deque",
            "version": "1.0.6",
            "license": "MIT",
            "dependencies": {
                "@container-js/list": "^1.0.9"
            },
            "devDependencies": {
                "typescript": "^5.5.4"
            }
        },
        "packages/heap": {
            "name": "@container-js/heap",
            "version": "1.0.4",
            "license": "MIT",
            "devDependencies": {
                "typescript": "^5.5.4"
            }
        },
        "packages/list": {
            "name": "@container-js/list",
            "version": "1.0.9",
            "license": "MIT",
            "devDependencies": {
                "typescript": "^5.5.4"
            }
        },
        "packages/priority-queue": {
            "name": "@container-js/priority-queue",
            "version": "1.0.4",
            "license": "MIT",
            "dependencies": {
                "@container-js/heap": "^1.0.4"
            },
            "devDependencies": {
                "typescript": "^5.5.4"
            }
        },
        "packages/queue": {
            "name": "@container-js/queue",
            "version": "1.0.7",
            "license": "MIT",
            "dependencies": {
                "@container-js/list": "^1.0.9"
            },
            "devDependencies": {
                "typescript": "^5.5.4"
            }
        },
        "packages/stack": {
            "name": "@container-js/stack",
            "version": "1.0.7",
            "license": "MIT",
            "dependencies": {
                "@container-js/list": "^1.0.9"
            },
            "devDependencies": {
                "typescript": "^5.5.4"
            }
        }
    }
}
